
Microsoft Visual Studio Solution File, Format Version 12.00
# Visual Studio Version 17
VisualStudioVersion = 17.13.35919.96 d17.13
MinimumVisualStudioVersion = 10.0.40219.1
Project("{FAE04EC0-301F-11D3-BF4B-00C04F79EFBC}") = "HP435B-Test", "HP435B-Test\HP435B-Test.csproj", "{31B563F6-FE0D-47D6-9458-3DF7D66B5C91}"
EndProject
Global
	GlobalSection(SolutionConfigurationPlatforms) = preSolution
		Debug|Any CPU = Debug|Any CPU
		Release|Any CPU = Release|Any CPU
	EndGlobalSection
	GlobalSection(ProjectConfigurationPlatforms) = postSolution
		{31B563F6-FE0D-47D6-9458-3DF7D66B5C91}.Debug|Any CPU.ActiveCfg = Debug|Any CPU
		{31B563F6-FE0D-47D6-9458-3DF7D66B5C91}.Debug|Any CPU.Build.0 = Debug|Any CPU
		{31B563F6-FE0D-47D6-9458-3DF7D66B5C91}.Release|Any CPU.ActiveCfg = Release|Any CPU
		{31B563F6-FE0D-47D6-9458-3DF7D66B5C91}.Release|Any CPU.Build.0 = Release|Any CPU
	EndGlobalSection
	GlobalSection(SolutionProperties) = preSolution
		HideSolutionNode = FALSE
	EndGlobalSection
	GlobalSection(ExtensibilityGlobals) = postSolution
		SolutionGuid = {44BBEE6D-855B-4471-8BDD-6F8CBB94656C}
	EndGlobalSection
EndGlobal
